
Microsoft Visual Studio Solution File, Format Version 12.00
# Visual Studio Version 17
VisualStudioVersion = 17.4.33205.214
MinimumVisualStudioVersion = 10.0.40219.1
Project("{9A19103F-16F7-4668-BE54-9A1E7A4F7556}") = "StarWarsAPI.API", "StarWarsAPI.API\StarWarsAPI.API.csproj", "{DE3DF43C-69E0-4F21-AFF4-A842CB266A17}"
EndProject
Project("{FAE04EC0-301F-11D3-BF4B-00C04F79EFBC}") = "StarWarsApi.Aplicacao", "StarWarsApi.Aplicacao\StarWarsApi.Aplicacao.csproj", "{D8A2E768-BB3A-4E42-8903-79171E6F9EDF}"
EndProject
Project("{FAE04EC0-301F-11D3-BF4B-00C04F79EFBC}") = "StarWarsApi.DataTransfer", "StarWarsApi.DataTransfer\StarWarsApi.DataTransfer.csproj", "{F68B4286-9A7C-4322-A337-DAB685EE6024}"
EndProject
Project("{FAE04EC0-301F-11D3-BF4B-00C04F79EFBC}") = "StarWarsApi.Dominio", "StarWarsApi.Dominio\StarWarsApi.Dominio.csproj", "{84AC56EF-55A9-4F45-8551-C25C431CA178}"
EndProject
Project("{FAE04EC0-301F-11D3-BF4B-00C04F79EFBC}") = "StarWarsApi.Infra", "StarWarsApi.Infra\StarWarsApi.Infra.csproj", "{EDD40868-BE55-4A26-8879-873353D4F7F7}"
EndProject
Global
	GlobalSection(SolutionConfigurationPlatforms) = preSolution
		Debug|Any CPU = Debug|Any CPU
		Release|Any CPU = Release|Any CPU
	EndGlobalSection
	GlobalSection(ProjectConfigurationPlatforms) = postSolution
		{DE3DF43C-69E0-4F21-AFF4-A842CB266A17}.Debug|Any CPU.ActiveCfg = Debug|Any CPU
		{DE3DF43C-69E0-4F21-AFF4-A842CB266A17}.Debug|Any CPU.Build.0 = Debug|Any CPU
		{DE3DF43C-69E0-4F21-AFF4-A842CB266A17}.Release|Any CPU.ActiveCfg = Release|Any CPU
		{DE3DF43C-69E0-4F21-AFF4-A842CB266A17}.Release|Any CPU.Build.0 = Release|Any CPU
		{D8A2E768-BB3A-4E42-8903-79171E6F9EDF}.Debug|Any CPU.ActiveCfg = Debug|Any CPU
		{D8A2E768-BB3A-4E42-8903-79171E6F9EDF}.Debug|Any CPU.Build.0 = Debug|Any CPU
		{D8A2E768-BB3A-4E42-8903-79171E6F9EDF}.Release|Any CPU.ActiveCfg = Release|Any CPU
		{D8A2E768-BB3A-4E42-8903-79171E6F9EDF}.Release|Any CPU.Build.0 = Release|Any CPU
		{F68B4286-9A7C-4322-A337-DAB685EE6024}.Debug|Any CPU.ActiveCfg = Debug|Any CPU
		{F68B4286-9A7C-4322-A337-DAB685EE6024}.Debug|Any CPU.Build.0 = Debug|Any CPU
		{F68B4286-9A7C-4322-A337-DAB685EE6024}.Release|Any CPU.ActiveCfg = Release|Any CPU
		{F68B4286-9A7C-4322-A337-DAB685EE6024}.Release|Any CPU.Build.0 = Release|Any CPU
		{84AC56EF-55A9-4F45-8551-C25C431CA178}.Debug|Any CPU.ActiveCfg = Debug|Any CPU
		{84AC56EF-55A9-4F45-8551-C25C431CA178}.Debug|Any CPU.Build.0 = Debug|Any CPU
		{84AC56EF-55A9-4F45-8551-C25C431CA178}.Release|Any CPU.ActiveCfg = Release|Any CPU
		{84AC56EF-55A9-4F45-8551-C25C431CA178}.Release|Any CPU.Build.0 = Release|Any CPU
		{EDD40868-BE55-4A26-8879-873353D4F7F7}.Debug|Any CPU.ActiveCfg = Debug|Any CPU
		{EDD40868-BE55-4A26-8879-873353D4F7F7}.Debug|Any CPU.Build.0 = Debug|Any CPU
		{EDD40868-BE55-4A26-8879-873353D4F7F7}.Release|Any CPU.ActiveCfg = Release|Any CPU
		{EDD40868-BE55-4A26-8879-873353D4F7F7}.Release|Any CPU.Build.0 = Release|Any CPU
	EndGlobalSection
	GlobalSection(SolutionProperties) = preSolution
		HideSolutionNode = FALSE
	EndGlobalSection
	GlobalSection(ExtensibilityGlobals) = postSolution
		SolutionGuid = {F81052D8-53F7-4A51-8865-BA697C5702F8}
	EndGlobalSection
EndGlobal
